{
  "version": 4,
  "terraform_version": "1.13.3",
  "serial": 5,
  "lineage": "b51a11f3-4983-4f46-9d9b-5a171d57523d",
  "outputs": {
    "app_service_url": {
      "value": "https://boardgame-app.azurewebsites.net",
      "type": "string"
    }
  },
  "resources": [
    {
      "mode": "managed",
      "type": "azurerm_resource_group",
      "name": "rg",
      "provider": "provider[\"registry.terraform.io/hashicorp/azurerm\"]",
      "instances": [
        {
          "schema_version": 0,
          "attributes": {
            "id": "/subscriptions/d08ce3dc-e84b-4c2b-a94d-94c01f285210/resourceGroups/boardgame-rg",
            "location": "centralus",
            "managed_by": "",
            "name": "boardgame-rg",
            "tags": {},
            "timeouts": null
          },
          "sensitive_attributes": [],
          "identity_schema_version": 0,
          "private": "eyJlMmJmYjczMC1lY2FhLTExZTYtOGY4OC0zNDM2M2JjN2M0YzAiOnsiY3JlYXRlIjo1NDAwMDAwMDAwMDAwLCJkZWxldGUiOjU0MDAwMDAwMDAwMDAsInJlYWQiOjMwMDAwMDAwMDAwMCwidXBkYXRlIjo1NDAwMDAwMDAwMDAwfSwic2NoZW1hX3ZlcnNpb24iOiIwIn0="
        }
      ]
    },
    {
      "module": "module.appservice",
      "mode": "managed",
      "type": "azurerm_linux_web_app",
      "name": "app",
      "provider": "provider[\"registry.terraform.io/hashicorp/azurerm\"]",
      "instances": [
        {
          "schema_version": 1,
          "attributes": {
            "app_settings": {
              "WEBSITES_ENABLE_APP_SERVICE_STORAGE": "false"
            },
            "auth_settings": [],
            "auth_settings_v2": [],
            "backup": [],
            "client_affinity_enabled": false,
            "client_certificate_enabled": false,
            "client_certificate_exclusion_paths": "",
            "client_certificate_mode": "Required",
            "connection_string": [],
            "custom_domain_verification_id": "F484AAEE844CA9AA5309C4F83C1AB524FE23EA63138B4F2278C696F27F434A1A",
            "default_hostname": "boardgame-app.azurewebsites.net",
            "enabled": true,
            "ftp_publish_basic_authentication_enabled": true,
            "hosting_environment_id": "",
            "https_only": false,
            "id": "/subscriptions/d08ce3dc-e84b-4c2b-a94d-94c01f285210/resourceGroups/boardgame-rg/providers/Microsoft.Web/sites/boardgame-app",
            "identity": [],
            "key_vault_reference_identity_id": "SystemAssigned",
            "kind": "app,linux,container",
            "location": "centralus",
            "logs": [],
            "name": "boardgame-app",
            "outbound_ip_address_list": [
              "20.40.240.163",
              "20.83.1.20",
              "172.168.187.91",
              "172.168.190.93",
              "20.112.249.247",
              "128.203.210.178",
              "172.169.94.183",
              "20.84.174.146",
              "172.168.39.102",
              "20.84.227.39",
              "172.168.39.118",
              "20.109.211.251",
              "20.118.56.74",
              "20.40.202.72"
            ],
            "outbound_ip_addresses": "20.40.240.163,20.83.1.20,172.168.187.91,172.168.190.93,20.112.249.247,128.203.210.178,172.169.94.183,20.84.174.146,172.168.39.102,20.84.227.39,172.168.39.118,20.109.211.251,20.118.56.74,20.40.202.72",
            "possible_outbound_ip_address_list": [
              "20.40.240.163",
              "20.83.1.20",
              "172.168.187.91",
              "172.168.190.93",
              "20.112.249.247",
              "128.203.210.178",
              "172.169.94.183",
              "20.84.174.146",
              "172.168.39.102",
              "20.84.227.39",
              "172.168.39.118",
              "20.109.211.251",
              "20.15.243.94",
              "4.249.169.152",
              "135.233.63.222",
              "130.131.147.211",
              "20.118.3.253",
              "13.89.141.147",
              "20.15.145.84",
              "48.214.177.47",
              "52.154.239.202",
              "172.168.194.20",
              "20.236.202.228",
              "20.118.23.173",
              "57.165.203.86",
              "172.169.172.177",
              "128.203.224.207",
              "20.80.71.153",
              "4.150.153.130",
              "135.233.58.151",
              "20.118.56.74",
              "20.40.202.72"
            ],
            "possible_outbound_ip_addresses": "20.40.240.163,20.83.1.20,172.168.187.91,172.168.190.93,20.112.249.247,128.203.210.178,172.169.94.183,20.84.174.146,172.168.39.102,20.84.227.39,172.168.39.118,20.109.211.251,20.15.243.94,4.249.169.152,135.233.63.222,130.131.147.211,20.118.3.253,13.89.141.147,20.15.145.84,48.214.177.47,52.154.239.202,172.168.194.20,20.236.202.228,20.118.23.173,57.165.203.86,172.169.172.177,128.203.224.207,20.80.71.153,4.150.153.130,135.233.58.151,20.118.56.74,20.40.202.72",
            "public_network_access_enabled": true,
            "resource_group_name": "boardgame-rg",
            "service_plan_id": "/subscriptions/d08ce3dc-e84b-4c2b-a94d-94c01f285210/resourceGroups/boardgame-rg/providers/Microsoft.Web/serverFarms/boardgame-plan",
            "site_config": [
              {
                "always_on": false,
                "api_definition_url": "",
                "api_management_api_id": "",
                "app_command_line": "",
                "application_stack": [
                  {
                    "docker_image": "",
                    "docker_image_name": "wassifstalker/boardshack:latest",
                    "docker_image_tag": "",
                    "docker_registry_password": "",
                    "docker_registry_url": "",
                    "docker_registry_username": "",
                    "dotnet_version": "",
                    "go_version": "",
                    "java_server": "",
                    "java_server_version": "",
                    "java_version": "",
                    "node_version": "",
                    "php_version": "",
                    "python_version": "",
                    "ruby_version": ""
                  }
                ],
                "auto_heal_enabled": false,
                "auto_heal_setting": [],
                "container_registry_managed_identity_client_id": "",
                "container_registry_use_managed_identity": false,
                "cors": [],
                "default_documents": [
                  "Default.htm",
                  "Default.html",
                  "Default.asp",
                  "index.htm",
                  "index.html",
                  "iisstart.htm",
                  "default.aspx",
                  "index.php",
                  "hostingstart.html"
                ],
                "detailed_error_logging_enabled": false,
                "ftps_state": "Disabled",
                "health_check_eviction_time_in_min": 0,
                "health_check_path": "",
                "http2_enabled": false,
                "ip_restriction": [],
                "ip_restriction_default_action": "Allow",
                "linux_fx_version": "DOCKER|/wassifstalker/boardshack:latest",
                "load_balancing_mode": "LeastRequests",
                "local_mysql_enabled": false,
                "managed_pipeline_mode": "Integrated",
                "minimum_tls_version": "1.2",
                "remote_debugging_enabled": false,
                "remote_debugging_version": "VS2022",
                "scm_ip_restriction": [],
                "scm_ip_restriction_default_action": "Allow",
                "scm_minimum_tls_version": "1.2",
                "scm_type": "None",
                "scm_use_main_ip_restriction": false,
                "use_32_bit_worker": true,
                "vnet_route_all_enabled": false,
                "websockets_enabled": false,
                "worker_count": 1
              }
            ],
            "site_credential": [
              {
                "name": "$boardgame-app",
                "password": "uNGrY4PajC2f5BW9oCwluMioobpBWg5PxfX8qdmWwlDjaw6DkNTQmXnduQpz"
              }
            ],
            "sticky_settings": [],
            "storage_account": [],
            "tags": null,
            "timeouts": null,
            "virtual_network_subnet_id": "",
            "webdeploy_publish_basic_authentication_enabled": true,
            "zip_deploy_file": ""
          },
          "sensitive_attributes": [
            [
              {
                "type": "get_attr",
                "value": "custom_domain_verification_id"
              }
            ],
            [
              {
                "type": "get_attr",
                "value": "site_config"
              },
              {
                "type": "index",
                "value": {
                  "value": 0,
                  "type": "number"
                }
              },
              {
                "type": "get_attr",
                "value": "application_stack"
              },
              {
                "type": "index",
                "value": {
                  "value": 0,
                  "type": "number"
                }
              },
              {
                "type": "get_attr",
                "value": "docker_registry_password"
              }
            ],
            [
              {
                "type": "get_attr",
                "value": "site_credential"
              }
            ]
          ],
          "identity_schema_version": 0,
          "private": "eyJlMmJmYjczMC1lY2FhLTExZTYtOGY4OC0zNDM2M2JjN2M0YzAiOnsiY3JlYXRlIjoxODAwMDAwMDAwMDAwLCJkZWxldGUiOjE4MDAwMDAwMDAwMDAsInJlYWQiOjMwMDAwMDAwMDAwMCwidXBkYXRlIjoxODAwMDAwMDAwMDAwfSwic2NoZW1hX3ZlcnNpb24iOiIxIn0=",
          "dependencies": [
            "azurerm_resource_group.rg",
            "module.appservice.azurerm_service_plan.plan"
          ]
        }
      ]
    },
    {
      "module": "module.appservice",
      "mode": "managed",
      "type": "azurerm_service_plan",
      "name": "plan",
      "provider": "provider[\"registry.terraform.io/hashicorp/azurerm\"]",
      "instances": [
        {
          "schema_version": 1,
          "attributes": {
            "app_service_environment_id": "",
            "id": "/subscriptions/d08ce3dc-e84b-4c2b-a94d-94c01f285210/resourceGroups/boardgame-rg/providers/Microsoft.Web/serverFarms/boardgame-plan",
            "kind": "linux",
            "location": "centralus",
            "maximum_elastic_worker_count": 1,
            "name": "boardgame-plan",
            "os_type": "Linux",
            "per_site_scaling_enabled": false,
            "reserved": true,
            "resource_group_name": "boardgame-rg",
            "sku_name": "F1",
            "tags": null,
            "timeouts": null,
            "worker_count": 1,
            "zone_balancing_enabled": false
          },
          "sensitive_attributes": [],
          "identity_schema_version": 0,
          "private": "eyJlMmJmYjczMC1lY2FhLTExZTYtOGY4OC0zNDM2M2JjN2M0YzAiOnsiY3JlYXRlIjozNjAwMDAwMDAwMDAwLCJkZWxldGUiOjM2MDAwMDAwMDAwMDAsInJlYWQiOjMwMDAwMDAwMDAwMCwidXBkYXRlIjozNjAwMDAwMDAwMDAwfSwic2NoZW1hX3ZlcnNpb24iOiIxIn0=",
          "dependencies": [
            "azurerm_resource_group.rg"
          ]
        }
      ]
    }
  ],
  "check_results": null
}
